
Microsoft Visual Studio Solution File, Format Version 12.00
# Visual Studio Version 17
VisualStudioVersion = 17.2.32630.192
MinimumVisualStudioVersion = 10.0.40219.1
Project("{9A19103F-16F7-4668-BE54-9A1E7A4F7556}") = "GeometryClass", "GeometryClass\GeometryClass.csproj", "{3236C00B-0354-4670-9580-E74C3B4E7160}"
EndProject
Project("{9A19103F-16F7-4668-BE54-9A1E7A4F7556}") = "ConsoleApp1", "ConsoleApp1\ConsoleApp1.csproj", "{9810A95F-9086-4BDD-A1F9-A0A7B5A3DD6C}"
EndProject
Project("{FAE04EC0-301F-11D3-BF4B-00C04F79EFBC}") = "GeometryTest", "GeometryTest\GeometryTest.csproj", "{4FEC7EDA-D942-4D41-BE3A-4E8ACFBAFEC4}"
EndProject
Global
	GlobalSection(SolutionConfigurationPlatforms) = preSolution
		Debug|Any CPU = Debug|Any CPU
		Release|Any CPU = Release|Any CPU
	EndGlobalSection
	GlobalSection(ProjectConfigurationPlatforms) = postSolution
		{3236C00B-0354-4670-9580-E74C3B4E7160}.Debug|Any CPU.ActiveCfg = Debug|Any CPU
		{3236C00B-0354-4670-9580-E74C3B4E7160}.Debug|Any CPU.Build.0 = Debug|Any CPU
		{3236C00B-0354-4670-9580-E74C3B4E7160}.Release|Any CPU.ActiveCfg = Release|Any CPU
		{3236C00B-0354-4670-9580-E74C3B4E7160}.Release|Any CPU.Build.0 = Release|Any CPU
		{9810A95F-9086-4BDD-A1F9-A0A7B5A3DD6C}.Debug|Any CPU.ActiveCfg = Debug|Any CPU
		{9810A95F-9086-4BDD-A1F9-A0A7B5A3DD6C}.Debug|Any CPU.Build.0 = Debug|Any CPU
		{9810A95F-9086-4BDD-A1F9-A0A7B5A3DD6C}.Release|Any CPU.ActiveCfg = Release|Any CPU
		{9810A95F-9086-4BDD-A1F9-A0A7B5A3DD6C}.Release|Any CPU.Build.0 = Release|Any CPU
		{4FEC7EDA-D942-4D41-BE3A-4E8ACFBAFEC4}.Debug|Any CPU.ActiveCfg = Debug|Any CPU
		{4FEC7EDA-D942-4D41-BE3A-4E8ACFBAFEC4}.Debug|Any CPU.Build.0 = Debug|Any CPU
		{4FEC7EDA-D942-4D41-BE3A-4E8ACFBAFEC4}.Release|Any CPU.ActiveCfg = Release|Any CPU
		{4FEC7EDA-D942-4D41-BE3A-4E8ACFBAFEC4}.Release|Any CPU.Build.0 = Release|Any CPU
	EndGlobalSection
	GlobalSection(SolutionProperties) = preSolution
		HideSolutionNode = FALSE
	EndGlobalSection
	GlobalSection(ExtensibilityGlobals) = postSolution
		SolutionGuid = {3151BDBD-3859-4C94-87AC-51D84513A448}
	EndGlobalSection
EndGlobal
